// !$*UTF8*$!
{
	archiveVersion = 1;
	classes = {
	};
	objectVersion = 46;
	objects = {

/* Begin PBXBuildFile section */
		4B4B65481E9DED60003F71A4 /* AppDelegate.swift in Sources */ = {isa = PBXBuildFile; fileRef = 4B4B65471E9DED60003F71A4 /* AppDelegate.swift */; };
		4B4B654A1E9DED60003F71A4 /* ViewController.swift in Sources */ = {isa = PBXBuildFile; fileRef = 4B4B65491E9DED60003F71A4 /* ViewController.swift */; };
		4B4B654D1E9DED60003F71A4 /* Main.storyboard in Resources */ = {isa = PBXBuildFile; fileRef = 4B4B654B1E9DED60003F71A4 /* Main.storyboard */; };
		4B4B654F1E9DED60003F71A4 /* Assets.xcassets in Resources */ = {isa = PBXBuildFile; fileRef = 4B4B654E1E9DED60003F71A4 /* Assets.xcassets */; };
		4B4B65521E9DED60003F71A4 /* LaunchScreen.storyboard in Resources */ = {isa = PBXBuildFile; fileRef = 4B4B65501E9DED60003F71A4 /* LaunchScreen.storyboard */; };
		4B4B655D1E9DED60003F71A4 /* GLKit_StudyTests.swift in Sources */ = {isa = PBXBuildFile; fileRef = 4B4B655C1E9DED60003F71A4 /* GLKit_StudyTests.swift */; };
		4B4B65691E9E01DA003F71A4 /* GLKit.framework in Frameworks */ = {isa = PBXBuildFile; fileRef = 4B4B65681E9E01DA003F71A4 /* GLKit.framework */; };
		4B4B656C1E9E0B50003F71A4 /* ShaderUtil.swift in Sources */ = {isa = PBXBuildFile; fileRef = 4B4B656B1E9E0B50003F71A4 /* ShaderUtil.swift */; };
		4B4B656E1E9E0BA3003F71A4 /* Log.swift in Sources */ = {isa = PBXBuildFile; fileRef = 4B4B656D1E9E0BA3003F71A4 /* Log.swift */; };
		4B4B65701E9E0C20003F71A4 /* SimpleVertexShader.glsl in Resources */ = {isa = PBXBuildFile; fileRef = 4B4B656F1E9E0C20003F71A4 /* SimpleVertexShader.glsl */; };
		4B4B65721E9E0FD3003F71A4 /* SimpleFragmentShader.glsl in Resources */ = {isa = PBXBuildFile; fileRef = 4B4B65711E9E0FD3003F71A4 /* SimpleFragmentShader.glsl */; };
		4B4B65741E9E2B6F003F71A4 /* Camera.swift in Sources */ = {isa = PBXBuildFile; fileRef = 4B4B65731E9E2B6F003F71A4 /* Camera.swift */; };
/* End PBXBuildFile section */

/* Begin PBXContainerItemProxy section */
		4B4B65591E9DED60003F71A4 /* PBXContainerItemProxy */ = {
			isa = PBXContainerItemProxy;
			containerPortal = 4B4B653C1E9DED60003F71A4 /* Project object */;
			proxyType = 1;
			remoteGlobalIDString = 4B4B65431E9DED60003F71A4;
			remoteInfo = "GLKit Study";
		};
/* End PBXContainerItemProxy section */

/* Begin PBXFileReference section */
		4B4B65441E9DED60003F71A4 /* GLKit Study.app */ = {isa = PBXFileReference; explicitFileType = wrapper.application; includeInIndex = 0; path = "GLKit Study.app"; sourceTree = BUILT_PRODUCTS_DIR; };
		4B4B65471E9DED60003F71A4 /* AppDelegate.swift */ = {isa = PBXFileReference; lastKnownFileType = sourcecode.swift; path = AppDelegate.swift; sourceTree = "<group>"; };
		4B4B65491E9DED60003F71A4 /* ViewController.swift */ = {isa = PBXFileReference; lastKnownFileType = sourcecode.swift; path = ViewController.swift; sourceTree = "<group>"; };
		4B4B654C1E9DED60003F71A4 /* Base */ = {isa = PBXFileReference; lastKnownFileType = file.storyboard; name = Base; path = Base.lproj/Main.storyboard; sourceTree = "<group>"; };
		4B4B654E1E9DED60003F71A4 /* Assets.xcassets */ = {isa = PBXFileReference; lastKnownFileType = folder.assetcatalog; path = Assets.xcassets; sourceTree = "<group>"; };
		4B4B65511E9DED60003F71A4 /* Base */ = {isa = PBXFileReference; lastKnownFileType = file.storyboard; name = Base; path = Base.lproj/LaunchScreen.storyboard; sourceTree = "<group>"; };
		4B4B65531E9DED60003F71A4 /* Info.plist */ = {isa = PBXFileReference; lastKnownFileType = text.plist.xml; path = Info.plist; sourceTree = "<group>"; };
		4B4B65581E9DED60003F71A4 /* GLKit StudyTests.xctest */ = {isa = PBXFileReference; explicitFileType = wrapper.cfbundle; includeInIndex = 0; path = "GLKit StudyTests.xctest"; sourceTree = BUILT_PRODUCTS_DIR; };
		4B4B655C1E9DED60003F71A4 /* GLKit_StudyTests.swift */ = {isa = PBXFileReference; lastKnownFileType = sourcecode.swift; path = GLKit_StudyTests.swift; sourceTree = "<group>"; };
		4B4B655E1E9DED60003F71A4 /* Info.plist */ = {isa = PBXFileReference; lastKnownFileType = text.plist.xml; path = Info.plist; sourceTree = "<group>"; };
		4B4B65681E9E01DA003F71A4 /* GLKit.framework */ = {isa = PBXFileReference; lastKnownFileType = wrapper.framework; name = GLKit.framework; path = System/Library/Frameworks/GLKit.framework; sourceTree = SDKROOT; };
		4B4B656B1E9E0B50003F71A4 /* ShaderUtil.swift */ = {isa = PBXFileReference; fileEncoding = 4; lastKnownFileType = sourcecode.swift; path = ShaderUtil.swift; sourceTree = "<group>"; };
		4B4B656D1E9E0BA3003F71A4 /* Log.swift */ = {isa = PBXFileReference; fileEncoding = 4; lastKnownFileType = sourcecode.swift; path = Log.swift; sourceTree = "<group>"; };
		4B4B656F1E9E0C20003F71A4 /* SimpleVertexShader.glsl */ = {isa = PBXFileReference; fileEncoding = 4; lastKnownFileType = text; path = SimpleVertexShader.glsl; sourceTree = "<group>"; };
		4B4B65711E9E0FD3003F71A4 /* SimpleFragmentShader.glsl */ = {isa = PBXFileReference; fileEncoding = 4; lastKnownFileType = text; path = SimpleFragmentShader.glsl; sourceTree = "<group>"; };
		4B4B65731E9E2B6F003F71A4 /* Camera.swift */ = {isa = PBXFileReference; fileEncoding = 4; lastKnownFileType = sourcecode.swift; path = Camera.swift; sourceTree = "<group>"; };
/* End PBXFileReference section */

/* Begin PBXFrameworksBuildPhase section */
		4B4B65411E9DED60003F71A4 /* Frameworks */ = {
			isa = PBXFrameworksBuildPhase;
			buildActionMask = 2147483647;
			files = (
				4B4B65691E9E01DA003F71A4 /* GLKit.framework in Frameworks */,
			);
			runOnlyForDeploymentPostprocessing = 0;
		};
		4B4B65551E9DED60003F71A4 /* Frameworks */ = {
			isa = PBXFrameworksBuildPhase;
			buildActionMask = 2147483647;
			files = (
			);
			runOnlyForDeploymentPostprocessing = 0;
		};
/* End PBXFrameworksBuildPhase section */

/* Begin PBXGroup section */
		4B4B653B1E9DED60003F71A4 = {
			isa = PBXGroup;
			children = (
				4B4B65461E9DED60003F71A4 /* GLKit Study */,
				4B4B655B1E9DED60003F71A4 /* GLKit StudyTests */,
				4B4B65451E9DED60003F71A4 /* Products */,
				4B4B65671E9E01DA003F71A4 /* Frameworks */,
			);
			sourceTree = "<group>";
		};
		4B4B65451E9DED60003F71A4 /* Products */ = {
			isa = PBXGroup;
			children = (
				4B4B65441E9DED60003F71A4 /* GLKit Study.app */,
				4B4B65581E9DED60003F71A4 /* GLKit StudyTests.xctest */,
			);
			name = Products;
			sourceTree = "<group>";
		};
		4B4B65461E9DED60003F71A4 /* GLKit Study */ = {
			isa = PBXGroup;
			children = (
				4B4B656A1E9E0B44003F71A4 /* Utils */,
				4B4B65471E9DED60003F71A4 /* AppDelegate.swift */,
				4B4B65491E9DED60003F71A4 /* ViewController.swift */,
				4B4B654B1E9DED60003F71A4 /* Main.storyboard */,
				4B4B654E1E9DED60003F71A4 /* Assets.xcassets */,
				4B4B65501E9DED60003F71A4 /* LaunchScreen.storyboard */,
				4B4B65531E9DED60003F71A4 /* Info.plist */,
				4B4B656F1E9E0C20003F71A4 /* SimpleVertexShader.glsl */,
				4B4B65711E9E0FD3003F71A4 /* SimpleFragmentShader.glsl */,
				4B4B65731E9E2B6F003F71A4 /* Camera.swift */,
			);
			path = "GLKit Study";
			sourceTree = "<group>";
		};
		4B4B655B1E9DED60003F71A4 /* GLKit StudyTests */ = {
			isa = PBXGroup;
			children = (
				4B4B655C1E9DED60003F71A4 /* GLKit_StudyTests.swift */,
				4B4B655E1E9DED60003F71A4 /* Info.plist */,
			);
			path = "GLKit StudyTests";
			sourceTree = "<group>";
		};
		4B4B65671E9E01DA003F71A4 /* Frameworks */ = {
			isa = PBXGroup;
			children = (
				4B4B65681E9E01DA003F71A4 /* GLKit.framework */,
			);
			name = Frameworks;
			sourceTree = "<group>";
		};
		4B4B656A1E9E0B44003F71A4 /* Utils */ = {
			isa = PBXGroup;
			children = (
				4B4B656B1E9E0B50003F71A4 /* ShaderUtil.swift */,
				4B4B656D1E9E0BA3003F71A4 /* Log.swift */,
			);
			path = Utils;
			sourceTree = "<group>";
		};
/* End PBXGroup section */

/* Begin PBXNativeTarget section */
		4B4B65431E9DED60003F71A4 /* GLKit Study */ = {
			isa = PBXNativeTarget;
			buildConfigurationList = 4B4B65611E9DED60003F71A4 /* Build configuration list for PBXNativeTarget "GLKit Study" */;
			buildPhases = (
				4B4B65401E9DED60003F71A4 /* Sources */,
				4B4B65411E9DED60003F71A4 /* Frameworks */,
				4B4B65421E9DED60003F71A4 /* Resources */,
			);
			buildRules = (
			);
			dependencies = (
			);
			name = "GLKit Study";
			productName = "GLKit Study";
			productReference = 4B4B65441E9DED60003F71A4 /* GLKit Study.app */;
			productType = "com.apple.product-type.application";
		};
		4B4B65571E9DED60003F71A4 /* GLKit StudyTests */ = {
			isa = PBXNativeTarget;
			buildConfigurationList = 4B4B65641E9DED60003F71A4 /* Build configuration list for PBXNativeTarget "GLKit StudyTests" */;
			buildPhases = (
				4B4B65541E9DED60003F71A4 /* Sources */,
				4B4B65551E9DED60003F71A4 /* Frameworks */,
				4B4B65561E9DED60003F71A4 /* Resources */,
			);
			buildRules = (
			);
			dependencies = (
				4B4B655A1E9DED60003F71A4 /* PBXTargetDependency */,
			);
			name = "GLKit StudyTests";
			productName = "GLKit StudyTests";
			productReference = 4B4B65581E9DED60003F71A4 /* GLKit StudyTests.xctest */;
			productType = "com.apple.product-type.bundle.unit-test";
		};
/* End PBXNativeTarget section */

/* Begin PBXProject section */
		4B4B653C1E9DED60003F71A4 /* Project object */ = {
			isa = PBXProject;
			attributes = {
				LastSwiftUpdateCheck = 0830;
				LastUpgradeCheck = 0830;
				ORGANIZATIONNAME = dhyuk;
				TargetAttributes = {
					4B4B65431E9DED60003F71A4 = {
						CreatedOnToolsVersion = 8.3.1;
						DevelopmentTeam = V8WAE5CSM5;
						ProvisioningStyle = Automatic;
					};
					4B4B65571E9DED60003F71A4 = {
						CreatedOnToolsVersion = 8.3.1;
						DevelopmentTeam = V8WAE5CSM5;
						ProvisioningStyle = Automatic;
						TestTargetID = 4B4B65431E9DED60003F71A4;
					};
				};
			};
			buildConfigurationList = 4B4B653F1E9DED60003F71A4 /* Build configuration list for PBXProject "GLKit Study" */;
			compatibilityVersion = "Xcode 3.2";
			developmentRegion = English;
			hasScannedForEncodings = 0;
			knownRegions = (
				en,
				Base,
			);
			mainGroup = 4B4B653B1E9DED60003F71A4;
			productRefGroup = 4B4B65451E9DED60003F71A4 /* Products */;
			projectDirPath = "";
			projectRoot = "";
			targets = (
				4B4B65431E9DED60003F71A4 /* GLKit Study */,
				4B4B65571E9DED60003F71A4 /* GLKit StudyTests */,
			);
		};
/* End PBXProject section */

/* Begin PBXResourcesBuildPhase section */
		4B4B65421E9DED60003F71A4 /* Resources */ = {
			isa = PBXResourcesBuildPhase;
			buildActionMask = 2147483647;
			files = (
				4B4B65521E9DED60003F71A4 /* LaunchScreen.storyboard in Resources */,
				4B4B654F1E9DED60003F71A4 /* Assets.xcassets in Resources */,
				4B4B65701E9E0C20003F71A4 /* SimpleVertexShader.glsl in Resources */,
				4B4B65721E9E0FD3003F71A4 /* SimpleFragmentShader.glsl in Resources */,
				4B4B654D1E9DED60003F71A4 /* Main.storyboard in Resources */,
			);
			runOnlyForDeploymentPostprocessing = 0;
		};
		4B4B65561E9DED60003F71A4 /* Resources */ = {
			isa = PBXResourcesBuildPhase;
			buildActionMask = 2147483647;
			files = (
			);
			runOnlyForDeploymentPostprocessing = 0;
		};
/* End PBXResourcesBuildPhase section */

/* Begin PBXSourcesBuildPhase section */
		4B4B65401E9DED60003F71A4 /* Sources */ = {
			isa = PBXSourcesBuildPhase;
			buildActionMask = 2147483647;
			files = (
				4B4B654A1E9DED60003F71A4 /* ViewController.swift in Sources */,
				4B4B65741E9E2B6F003F71A4 /* Camera.swift in Sources */,
				4B4B656C1E9E0B50003F71A4 /* ShaderUtil.swift in Sources */,
				4B4B656E1E9E0BA3003F71A4 /* Log.swift in Sources */,
				4B4B65481E9DED60003F71A4 /* AppDelegate.swift in Sources */,
			);
			runOnlyForDeploymentPostprocessing = 0;
		};
		4B4B65541E9DED60003F71A4 /* Sources */ = {
			isa = PBXSourcesBuildPhase;
			buildActionMask = 2147483647;
			files = (
				4B4B655D1E9DED60003F71A4 /* GLKit_StudyTests.swift in Sources */,
			);
			runOnlyForDeploymentPostprocessing = 0;
		};
/* End PBXSourcesBuildPhase section */

/* Begin PBXTargetDependency section */
		4B4B655A1E9DED60003F71A4 /* PBXTargetDependency */ = {
			isa = PBXTargetDependency;
			target = 4B4B65431E9DED60003F71A4 /* GLKit Study */;
			targetProxy = 4B4B65591E9DED60003F71A4 /* PBXContainerItemProxy */;
		};
/* End PBXTargetDependency section */

/* Begin PBXVariantGroup section */
		4B4B654B1E9DED60003F71A4 /* Main.storyboard */ = {
			isa = PBXVariantGroup;
			children = (
				4B4B654C1E9DED60003F71A4 /* Base */,
			);
			name = Main.storyboard;
			sourceTree = "<group>";
		};
		4B4B65501E9DED60003F71A4 /* LaunchScreen.storyboard */ = {
			isa = PBXVariantGroup;
			children = (
				4B4B65511E9DED60003F71A4 /* Base */,
			);
			name = LaunchScreen.storyboard;
			sourceTree = "<group>";
		};
/* End PBXVariantGroup section */

/* Begin XCBuildConfiguration section */
		4B4B655F1E9DED60003F71A4 /* Debug */ = {
			isa = XCBuildConfiguration;
			buildSettings = {
				ALWAYS_SEARCH_USER_PATHS = NO;
				CLANG_ANALYZER_NONNULL = YES;
				CLANG_ANALYZER_NUMBER_OBJECT_CONVERSION = YES_AGGRESSIVE;
				CLANG_CXX_LANGUAGE_STANDARD = "gnu++0x";
				CLANG_CXX_LIBRARY = "libc++";
				CLANG_ENABLE_MODULES = YES;
				CLANG_ENABLE_OBJC_ARC = YES;
				CLANG_WARN_BOOL_CONVERSION = YES;
				CLANG_WARN_CONSTANT_CONVERSION = YES;
				CLANG_WARN_DIRECT_OBJC_ISA_USAGE = YES_ERROR;
				CLANG_WARN_DOCUMENTATION_COMMENTS = YES;
				CLANG_WARN_EMPTY_BODY = YES;
				CLANG_WARN_ENUM_CONVERSION = YES;
				CLANG_WARN_INFINITE_RECURSION = YES;
				CLANG_WARN_INT_CONVERSION = YES;
				CLANG_WARN_OBJC_ROOT_CLASS = YES_ERROR;
				CLANG_WARN_SUSPICIOUS_MOVE = YES;
				CLANG_WARN_UNREACHABLE_CODE = YES;
				CLANG_WARN__DUPLICATE_METHOD_MATCH = YES;
				"CODE_SIGN_IDENTITY[sdk=iphoneos*]" = "iPhone Developer";
				COPY_PHASE_STRIP = NO;
				DEBUG_INFORMATION_FORMAT = dwarf;
				ENABLE_STRICT_OBJC_MSGSEND = YES;
				ENABLE_TESTABILITY = YES;
				GCC_C_LANGUAGE_STANDARD = gnu99;
				GCC_DYNAMIC_NO_PIC = NO;
				GCC_NO_COMMON_BLOCKS = YES;
				GCC_OPTIMIZATION_LEVEL = 0;
				GCC_PREPROCESSOR_DEFINITIONS = (
					"DEBUG=1",
					"$(inherited)",
				);
				GCC_WARN_64_TO_32_BIT_CONVERSION = YES;
				GCC_WARN_ABOUT_RETURN_TYPE = YES_ERROR;
				GCC_WARN_UNDECLARED_SELECTOR = YES;
				GCC_WARN_UNINITIALIZED_AUTOS = YES_AGGRESSIVE;
				GCC_WARN_UNUSED_FUNCTION = YES;
				GCC_WARN_UNUSED_VARIABLE = YES;
				IPHONEOS_DEPLOYMENT_TARGET = 10.3;
				MTL_ENABLE_DEBUG_INFO = YES;
				ONLY_ACTIVE_ARCH = YES;
				SDKROOT = iphoneos;
				SWIFT_ACTIVE_COMPILATION_CONDITIONS = DEBUG;
				SWIFT_OPTIMIZATION_LEVEL = "-Onone";
			};
			name = Debug;
		};
		4B4B65601E9DED60003F71A4 /* Release */ = {
			isa = XCBuildConfiguration;
			buildSettings = {
				ALWAYS_SEARCH_USER_PATHS = NO;
				CLANG_ANALYZER_NONNULL = YES;
				CLANG_ANALYZER_NUMBER_OBJECT_CONVERSION = YES_AGGRESSIVE;
				CLANG_CXX_LANGUAGE_STANDARD = "gnu++0x";
				CLANG_CXX_LIBRARY = "libc++";
				CLANG_ENABLE_MODULES = YES;
				CLANG_ENABLE_OBJC_ARC = YES;
				CLANG_WARN_BOOL_CONVERSION = YES;
				CLANG_WARN_CONSTANT_CONVERSION = YES;
				CLANG_WARN_DIRECT_OBJC_ISA_USAGE = YES_ERROR;
				CLANG_WARN_DOCUMENTATION_COMMENTS = YES;
				CLANG_WARN_EMPTY_BODY = YES;
				CLANG_WARN_ENUM_CONVERSION = YES;
				CLANG_WARN_INFINITE_RECURSION = YES;
				CLANG_WARN_INT_CONVERSION = YES;
				CLANG_WARN_OBJC_ROOT_CLASS = YES_ERROR;
				CLANG_WARN_SUSPICIOUS_MOVE = YES;
				CLANG_WARN_UNREACHABLE_CODE = YES;
				CLANG_WARN__DUPLICATE_METHOD_MATCH = YES;
				"CODE_SIGN_IDENTITY[sdk=iphoneos*]" = "iPhone Developer";
				COPY_PHASE_STRIP = NO;
				DEBUG_INFORMATION_FORMAT = "dwarf-with-dsym";
				ENABLE_NS_ASSERTIONS = NO;
				ENABLE_STRICT_OBJC_MSGSEND = YES;
				GCC_C_LANGUAGE_STANDARD = gnu99;
				GCC_NO_COMMON_BLOCKS = YES;
				GCC_WARN_64_TO_32_BIT_CONVERSION = YES;
				GCC_WARN_ABOUT_RETURN_TYPE = YES_ERROR;
				GCC_WARN_UNDECLARED_SELECTOR = YES;
				GCC_WARN_UNINITIALIZED_AUTOS = YES_AGGRESSIVE;
				GCC_WARN_UNUSED_FUNCTION = YES;
				GCC_WARN_UNUSED_VARIABLE = YES;
				IPHONEOS_DEPLOYMENT_TARGET = 10.3;
				MTL_ENABLE_DEBUG_INFO = NO;
				SDKROOT = iphoneos;
				SWIFT_OPTIMIZATION_LEVEL = "-Owholemodule";
				VALIDATE_PRODUCT = YES;
			};
			name = Release;
		};
		4B4B65621E9DED60003F71A4 /* Debug */ = {
			isa = XCBuildConfiguration;
			buildSettings = {
				ASSETCATALOG_COMPILER_APPICON_NAME = AppIcon;
				DEVELOPMENT_TEAM = V8WAE5CSM5;
				INFOPLIST_FILE = "GLKit Study/Info.plist";
				LD_RUNPATH_SEARCH_PATHS = "$(inherited) @executable_path/Frameworks";
				PRODUCT_BUNDLE_IDENTIFIER = "com.dhyuk.study.GLKit-Study";
				PRODUCT_NAME = "$(TARGET_NAME)";
				SWIFT_VERSION = 3.0;
			};
			name = Debug;
		};
		4B4B65631E9DED60003F71A4 /* Release */ = {
			isa = XCBuildConfiguration;
			buildSettings = {
				ASSETCATALOG_COMPILER_APPICON_NAME = AppIcon;
				DEVELOPMENT_TEAM = V8WAE5CSM5;
				INFOPLIST_FILE = "GLKit Study/Info.plist";
				LD_RUNPATH_SEARCH_PATHS = "$(inherited) @executable_path/Frameworks";
				PRODUCT_BUNDLE_IDENTIFIER = "com.dhyuk.study.GLKit-Study";
				PRODUCT_NAME = "$(TARGET_NAME)";
				SWIFT_VERSION = 3.0;
			};
			name = Release;
		};
		4B4B65651E9DED60003F71A4 /* Debug */ = {
			isa = XCBuildConfiguration;
			buildSettings = {
				ALWAYS_EMBED_SWIFT_STANDARD_LIBRARIES = YES;
				BUNDLE_LOADER = "$(TEST_HOST)";
				DEVELOPMENT_TEAM = V8WAE5CSM5;
				INFOPLIST_FILE = "GLKit StudyTests/Info.plist";
				LD_RUNPATH_SEARCH_PATHS = "$(inherited) @executable_path/Frameworks @loader_path/Frameworks";
				PRODUCT_BUNDLE_IDENTIFIER = "com.dhyuk.study.GLKit-StudyTests";
				PRODUCT_NAME = "$(TARGET_NAME)";
				SWIFT_VERSION = 3.0;
				TEST_HOST = "$(BUILT_PRODUCTS_DIR)/GLKit Study.app/GLKit Study";
			};
			name = Debug;
		};
		4B4B65661E9DED60003F71A4 /* Release */ = {
			isa = XCBuildConfiguration;
			buildSettings = {
				ALWAYS_EMBED_SWIFT_STANDARD_LIBRARIES = YES;
				BUNDLE_LOADER = "$(TEST_HOST)";
				DEVELOPMENT_TEAM = V8WAE5CSM5;
				INFOPLIST_FILE = "GLKit StudyTests/Info.plist";
				LD_RUNPATH_SEARCH_PATHS = "$(inherited) @executable_path/Frameworks @loader_path/Frameworks";
				PRODUCT_BUNDLE_IDENTIFIER = "com.dhyuk.study.GLKit-StudyTests";
				PRODUCT_NAME = "$(TARGET_NAME)";
				SWIFT_VERSION = 3.0;
				TEST_HOST = "$(BUILT_PRODUCTS_DIR)/GLKit Study.app/GLKit Study";
			};
			name = Release;
		};
/* End XCBuildConfiguration section */

/* Begin XCConfigurationList section */
		4B4B653F1E9DED60003F71A4 /* Build configuration list for PBXProject "GLKit Study" */ = {
			isa = XCConfigurationList;
			buildConfigurations = (
				4B4B655F1E9DED60003F71A4 /* Debug */,
				4B4B65601E9DED60003F71A4 /* Release */,
			);
			defaultConfigurationIsVisible = 0;
			defaultConfigurationName = Release;
		};
		4B4B65611E9DED60003F71A4 /* Build configuration list for PBXNativeTarget "GLKit Study" */ = {
			isa = XCConfigurationList;
			buildConfigurations = (
				4B4B65621E9DED60003F71A4 /* Debug */,
				4B4B65631E9DED60003F71A4 /* Release */,
			);
			defaultConfigurationIsVisible = 0;
			defaultConfigurationName = Release;
		};
		4B4B65641E9DED60003F71A4 /* Build configuration list for PBXNativeTarget "GLKit StudyTests" */ = {
			isa = XCConfigurationList;
			buildConfigurations = (
				4B4B65651E9DED60003F71A4 /* Debug */,
				4B4B65661E9DED60003F71A4 /* Release */,
			);
			defaultConfigurationIsVisible = 0;
			defaultConfigurationName = Release;
		};
/* End XCConfigurationList section */
	};
	rootObject = 4B4B653C1E9DED60003F71A4 /* Project object */;
}
